// !$*UTF8*$!
{
	archiveVersion = 1;
	classes = {
	};
	objectVersion = 48;
	objects = {

/* Begin PBXBuildFile section */
		176DB22A1FB1644F00AED040 /* AppDelegate.swift in Sources */ = {isa = PBXBuildFile; fileRef = 176DB2291FB1644F00AED040 /* AppDelegate.swift */; };
		176DB22C1FB1644F00AED040 /* ViewController.swift in Sources */ = {isa = PBXBuildFile; fileRef = 176DB22B1FB1644F00AED040 /* ViewController.swift */; };
		176DB22F1FB1644F00AED040 /* Main.storyboard in Resources */ = {isa = PBXBuildFile; fileRef = 176DB22D1FB1644F00AED040 /* Main.storyboard */; };
		176DB2311FB1644F00AED040 /* Assets.xcassets in Resources */ = {isa = PBXBuildFile; fileRef = 176DB2301FB1644F00AED040 /* Assets.xcassets */; };
		176DB2341FB1644F00AED040 /* LaunchScreen.storyboard in Resources */ = {isa = PBXBuildFile; fileRef = 176DB2321FB1644F00AED040 /* LaunchScreen.storyboard */; };
		176DB23F1FB1644F00AED040 /* sampleImageGestureTests.swift in Sources */ = {isa = PBXBuildFile; fileRef = 176DB23E1FB1644F00AED040 /* sampleImageGestureTests.swift */; };
		176DB24A1FB1644F00AED040 /* sampleImageGestureUITests.swift in Sources */ = {isa = PBXBuildFile; fileRef = 176DB2491FB1644F00AED040 /* sampleImageGestureUITests.swift */; };
		176DB2581FB1BBE100AED040 /* yakei.jpg in Resources */ = {isa = PBXBuildFile; fileRef = 176DB2571FB1BBE100AED040 /* yakei.jpg */; };
/* End PBXBuildFile section */

/* Begin PBXContainerItemProxy section */
		176DB23B1FB1644F00AED040 /* PBXContainerItemProxy */ = {
			isa = PBXContainerItemProxy;
			containerPortal = 176DB21E1FB1644F00AED040 /* Project object */;
			proxyType = 1;
			remoteGlobalIDString = 176DB2251FB1644F00AED040;
			remoteInfo = sampleImageGesture;
		};
		176DB2461FB1644F00AED040 /* PBXContainerItemProxy */ = {
			isa = PBXContainerItemProxy;
			containerPortal = 176DB21E1FB1644F00AED040 /* Project object */;
			proxyType = 1;
			remoteGlobalIDString = 176DB2251FB1644F00AED040;
			remoteInfo = sampleImageGesture;
		};
/* End PBXContainerItemProxy section */

/* Begin PBXFileReference section */
		176DB2261FB1644F00AED040 /* sampleImageGesture.app */ = {isa = PBXFileReference; explicitFileType = wrapper.application; includeInIndex = 0; path = sampleImageGesture.app; sourceTree = BUILT_PRODUCTS_DIR; };
		176DB2291FB1644F00AED040 /* AppDelegate.swift */ = {isa = PBXFileReference; lastKnownFileType = sourcecode.swift; path = AppDelegate.swift; sourceTree = "<group>"; };
		176DB22B1FB1644F00AED040 /* ViewController.swift */ = {isa = PBXFileReference; lastKnownFileType = sourcecode.swift; path = ViewController.swift; sourceTree = "<group>"; };
		176DB22E1FB1644F00AED040 /* Base */ = {isa = PBXFileReference; lastKnownFileType = file.storyboard; name = Base; path = Base.lproj/Main.storyboard; sourceTree = "<group>"; };
		176DB2301FB1644F00AED040 /* Assets.xcassets */ = {isa = PBXFileReference; lastKnownFileType = folder.assetcatalog; path = Assets.xcassets; sourceTree = "<group>"; };
		176DB2331FB1644F00AED040 /* Base */ = {isa = PBXFileReference; lastKnownFileType = file.storyboard; name = Base; path = Base.lproj/LaunchScreen.storyboard; sourceTree = "<group>"; };
		176DB2351FB1644F00AED040 /* Info.plist */ = {isa = PBXFileReference; lastKnownFileType = text.plist.xml; path = Info.plist; sourceTree = "<group>"; };
		176DB23A1FB1644F00AED040 /* sampleImageGestureTests.xctest */ = {isa = PBXFileReference; explicitFileType = wrapper.cfbundle; includeInIndex = 0; path = sampleImageGestureTests.xctest; sourceTree = BUILT_PRODUCTS_DIR; };
		176DB23E1FB1644F00AED040 /* sampleImageGestureTests.swift */ = {isa = PBXFileReference; lastKnownFileType = sourcecode.swift; path = sampleImageGestureTests.swift; sourceTree = "<group>"; };
		176DB2401FB1644F00AED040 /* Info.plist */ = {isa = PBXFileReference; lastKnownFileType = text.plist.xml; path = Info.plist; sourceTree = "<group>"; };
		176DB2451FB1644F00AED040 /* sampleImageGestureUITests.xctest */ = {isa = PBXFileReference; explicitFileType = wrapper.cfbundle; includeInIndex = 0; path = sampleImageGestureUITests.xctest; sourceTree = BUILT_PRODUCTS_DIR; };
		176DB2491FB1644F00AED040 /* sampleImageGestureUITests.swift */ = {isa = PBXFileReference; lastKnownFileType = sourcecode.swift; path = sampleImageGestureUITests.swift; sourceTree = "<group>"; };
		176DB24B1FB1644F00AED040 /* Info.plist */ = {isa = PBXFileReference; lastKnownFileType = text.plist.xml; path = Info.plist; sourceTree = "<group>"; };
		176DB2571FB1BBE100AED040 /* yakei.jpg */ = {isa = PBXFileReference; lastKnownFileType = image.jpeg; path = yakei.jpg; sourceTree = "<group>"; };
/* End PBXFileReference section */

/* Begin PBXFrameworksBuildPhase section */
		176DB2231FB1644F00AED040 /* Frameworks */ = {
			isa = PBXFrameworksBuildPhase;
			buildActionMask = 2147483647;
			files = (
			);
			runOnlyForDeploymentPostprocessing = 0;
		};
		176DB2371FB1644F00AED040 /* Frameworks */ = {
			isa = PBXFrameworksBuildPhase;
			buildActionMask = 2147483647;
			files = (
			);
			runOnlyForDeploymentPostprocessing = 0;
		};
		176DB2421FB1644F00AED040 /* Frameworks */ = {
			isa = PBXFrameworksBuildPhase;
			buildActionMask = 2147483647;
			files = (
			);
			runOnlyForDeploymentPostprocessing = 0;
		};
/* End PBXFrameworksBuildPhase section */

/* Begin PBXGroup section */
		176DB21D1FB1644F00AED040 = {
			isa = PBXGroup;
			children = (
				176DB2281FB1644F00AED040 /* sampleImageGesture */,
				176DB23D1FB1644F00AED040 /* sampleImageGestureTests */,
				176DB2481FB1644F00AED040 /* sampleImageGestureUITests */,
				176DB2271FB1644F00AED040 /* Products */,
			);
			sourceTree = "<group>";
		};
		176DB2271FB1644F00AED040 /* Products */ = {
			isa = PBXGroup;
			children = (
				176DB2261FB1644F00AED040 /* sampleImageGesture.app */,
				176DB23A1FB1644F00AED040 /* sampleImageGestureTests.xctest */,
				176DB2451FB1644F00AED040 /* sampleImageGestureUITests.xctest */,
			);
			name = Products;
			sourceTree = "<group>";
		};
		176DB2281FB1644F00AED040 /* sampleImageGesture */ = {
			isa = PBXGroup;
			children = (
				176DB2571FB1BBE100AED040 /* yakei.jpg */,
				176DB2291FB1644F00AED040 /* AppDelegate.swift */,
				176DB22B1FB1644F00AED040 /* ViewController.swift */,
				176DB22D1FB1644F00AED040 /* Main.storyboard */,
				176DB2301FB1644F00AED040 /* Assets.xcassets */,
				176DB2321FB1644F00AED040 /* LaunchScreen.storyboard */,
				176DB2351FB1644F00AED040 /* Info.plist */,
			);
			path = sampleImageGesture;
			sourceTree = "<group>";
		};
		176DB23D1FB1644F00AED040 /* sampleImageGestureTests */ = {
			isa = PBXGroup;
			children = (
				176DB23E1FB1644F00AED040 /* sampleImageGestureTests.swift */,
				176DB2401FB1644F00AED040 /* Info.plist */,
			);
			path = sampleImageGestureTests;
			sourceTree = "<group>";
		};
		176DB2481FB1644F00AED040 /* sampleImageGestureUITests */ = {
			isa = PBXGroup;
			children = (
				176DB2491FB1644F00AED040 /* sampleImageGestureUITests.swift */,
				176DB24B1FB1644F00AED040 /* Info.plist */,
			);
			path = sampleImageGestureUITests;
			sourceTree = "<group>";
		};
/* End PBXGroup section */

/* Begin PBXNativeTarget section */
		176DB2251FB1644F00AED040 /* sampleImageGesture */ = {
			isa = PBXNativeTarget;
			buildConfigurationList = 176DB24E1FB1644F00AED040 /* Build configuration list for PBXNativeTarget "sampleImageGesture" */;
			buildPhases = (
				176DB2221FB1644F00AED040 /* Sources */,
				176DB2231FB1644F00AED040 /* Frameworks */,
				176DB2241FB1644F00AED040 /* Resources */,
			);
			buildRules = (
			);
			dependencies = (
			);
			name = sampleImageGesture;
			productName = sampleImageGesture;
			productReference = 176DB2261FB1644F00AED040 /* sampleImageGesture.app */;
			productType = "com.apple.product-type.application";
		};
		176DB2391FB1644F00AED040 /* sampleImageGestureTests */ = {
			isa = PBXNativeTarget;
			buildConfigurationList = 176DB2511FB1644F00AED040 /* Build configuration list for PBXNativeTarget "sampleImageGestureTests" */;
			buildPhases = (
				176DB2361FB1644F00AED040 /* Sources */,
				176DB2371FB1644F00AED040 /* Frameworks */,
				176DB2381FB1644F00AED040 /* Resources */,
			);
			buildRules = (
			);
			dependencies = (
				176DB23C1FB1644F00AED040 /* PBXTargetDependency */,
			);
			name = sampleImageGestureTests;
			productName = sampleImageGestureTests;
			productReference = 176DB23A1FB1644F00AED040 /* sampleImageGestureTests.xctest */;
			productType = "com.apple.product-type.bundle.unit-test";
		};
		176DB2441FB1644F00AED040 /* sampleImageGestureUITests */ = {
			isa = PBXNativeTarget;
			buildConfigurationList = 176DB2541FB1644F00AED040 /* Build configuration list for PBXNativeTarget "sampleImageGestureUITests" */;
			buildPhases = (
				176DB2411FB1644F00AED040 /* Sources */,
				176DB2421FB1644F00AED040 /* Frameworks */,
				176DB2431FB1644F00AED040 /* Resources */,
			);
			buildRules = (
			);
			dependencies = (
				176DB2471FB1644F00AED040 /* PBXTargetDependency */,
			);
			name = sampleImageGestureUITests;
			productName = sampleImageGestureUITests;
			productReference = 176DB2451FB1644F00AED040 /* sampleImageGestureUITests.xctest */;
			productType = "com.apple.product-type.bundle.ui-testing";
		};
/* End PBXNativeTarget section */

/* Begin PBXProject section */
		176DB21E1FB1644F00AED040 /* Project object */ = {
			isa = PBXProject;
			attributes = {
				LastSwiftUpdateCheck = 0900;
				LastUpgradeCheck = 0900;
				ORGANIZATIONNAME = "Tatsuki Nakatsuka";
				TargetAttributes = {
					176DB2251FB1644F00AED040 = {
						CreatedOnToolsVersion = 9.0.1;
						ProvisioningStyle = Automatic;
					};
					176DB2391FB1644F00AED040 = {
						CreatedOnToolsVersion = 9.0.1;
						ProvisioningStyle = Automatic;
						TestTargetID = 176DB2251FB1644F00AED040;
					};
					176DB2441FB1644F00AED040 = {
						CreatedOnToolsVersion = 9.0.1;
						ProvisioningStyle = Automatic;
						TestTargetID = 176DB2251FB1644F00AED040;
					};
				};
			};
			buildConfigurationList = 176DB2211FB1644F00AED040 /* Build configuration list for PBXProject "sampleImageGesture" */;
			compatibilityVersion = "Xcode 8.0";
			developmentRegion = en;
			hasScannedForEncodings = 0;
			knownRegions = (
				en,
				Base,
			);
			mainGroup = 176DB21D1FB1644F00AED040;
			productRefGroup = 176DB2271FB1644F00AED040 /* Products */;
			projectDirPath = "";
			projectRoot = "";
			targets = (
				176DB2251FB1644F00AED040 /* sampleImageGesture */,
				176DB2391FB1644F00AED040 /* sampleImageGestureTests */,
				176DB2441FB1644F00AED040 /* sampleImageGestureUITests */,
			);
		};
/* End PBXProject section */

/* Begin PBXResourcesBuildPhase section */
		176DB2241FB1644F00AED040 /* Resources */ = {
			isa = PBXResourcesBuildPhase;
			buildActionMask = 2147483647;
			files = (
				176DB2341FB1644F00AED040 /* LaunchScreen.storyboard in Resources */,
				176DB2311FB1644F00AED040 /* Assets.xcassets in Resources */,
				176DB22F1FB1644F00AED040 /* Main.storyboard in Resources */,
				176DB2581FB1BBE100AED040 /* yakei.jpg in Resources */,
			);
			runOnlyForDeploymentPostprocessing = 0;
		};
		176DB2381FB1644F00AED040 /* Resources */ = {
			isa = PBXResourcesBuildPhase;
			buildActionMask = 2147483647;
			files = (
			);
			runOnlyForDeploymentPostprocessing = 0;
		};
		176DB2431FB1644F00AED040 /* Resources */ = {
			isa = PBXResourcesBuildPhase;
			buildActionMask = 2147483647;
			files = (
			);
			runOnlyForDeploymentPostprocessing = 0;
		};
/* End PBXResourcesBuildPhase section */

/* Begin PBXSourcesBuildPhase section */
		176DB2221FB1644F00AED040 /* Sources */ = {
			isa = PBXSourcesBuildPhase;
			buildActionMask = 2147483647;
			files = (
				176DB22C1FB1644F00AED040 /* ViewController.swift in Sources */,
				176DB22A1FB1644F00AED040 /* AppDelegate.swift in Sources */,
			);
			runOnlyForDeploymentPostprocessing = 0;
		};
		176DB2361FB1644F00AED040 /* Sources */ = {
			isa = PBXSourcesBuildPhase;
			buildActionMask = 2147483647;
			files = (
				176DB23F1FB1644F00AED040 /* sampleImageGestureTests.swift in Sources */,
			);
			runOnlyForDeploymentPostprocessing = 0;
		};
		176DB2411FB1644F00AED040 /* Sources */ = {
			isa = PBXSourcesBuildPhase;
			buildActionMask = 2147483647;
			files = (
				176DB24A1FB1644F00AED040 /* sampleImageGestureUITests.swift in Sources */,
			);
			runOnlyForDeploymentPostprocessing = 0;
		};
/* End PBXSourcesBuildPhase section */

/* Begin PBXTargetDependency section */
		176DB23C1FB1644F00AED040 /* PBXTargetDependency */ = {
			isa = PBXTargetDependency;
			target = 176DB2251FB1644F00AED040 /* sampleImageGesture */;
			targetProxy = 176DB23B1FB1644F00AED040 /* PBXContainerItemProxy */;
		};
		176DB2471FB1644F00AED040 /* PBXTargetDependency */ = {
			isa = PBXTargetDependency;
			target = 176DB2251FB1644F00AED040 /* sampleImageGesture */;
			targetProxy = 176DB2461FB1644F00AED040 /* PBXContainerItemProxy */;
		};
/* End PBXTargetDependency section */

/* Begin PBXVariantGroup section */
		176DB22D1FB1644F00AED040 /* Main.storyboard */ = {
			isa = PBXVariantGroup;
			children = (
				176DB22E1FB1644F00AED040 /* Base */,
			);
			name = Main.storyboard;
			sourceTree = "<group>";
		};
		176DB2321FB1644F00AED040 /* LaunchScreen.storyboard */ = {
			isa = PBXVariantGroup;
			children = (
				176DB2331FB1644F00AED040 /* Base */,
			);
			name = LaunchScreen.storyboard;
			sourceTree = "<group>";
		};
/* End PBXVariantGroup section */

/* Begin XCBuildConfiguration section */
		176DB24C1FB1644F00AED040 /* Debug */ = {
			isa = XCBuildConfiguration;
			buildSettings = {
				ALWAYS_SEARCH_USER_PATHS = NO;
				CLANG_ANALYZER_NONNULL = YES;
				CLANG_ANALYZER_NUMBER_OBJECT_CONVERSION = YES_AGGRESSIVE;
				CLANG_CXX_LANGUAGE_STANDARD = "gnu++14";
				CLANG_CXX_LIBRARY = "libc++";
				CLANG_ENABLE_MODULES = YES;
				CLANG_ENABLE_OBJC_ARC = YES;
				CLANG_WARN_BLOCK_CAPTURE_AUTORELEASING = YES;
				CLANG_WARN_BOOL_CONVERSION = YES;
				CLANG_WARN_COMMA = YES;
				CLANG_WARN_CONSTANT_CONVERSION = YES;
				CLANG_WARN_DIRECT_OBJC_ISA_USAGE = YES_ERROR;
				CLANG_WARN_DOCUMENTATION_COMMENTS = YES;
				CLANG_WARN_EMPTY_BODY = YES;
				CLANG_WARN_ENUM_CONVERSION = YES;
				CLANG_WARN_INFINITE_RECURSION = YES;
				CLANG_WARN_INT_CONVERSION = YES;
				CLANG_WARN_NON_LITERAL_NULL_CONVERSION = YES;
				CLANG_WARN_OBJC_LITERAL_CONVERSION = YES;
				CLANG_WARN_OBJC_ROOT_CLASS = YES_ERROR;
				CLANG_WARN_RANGE_LOOP_ANALYSIS = YES;
				CLANG_WARN_STRICT_PROTOTYPES = YES;
				CLANG_WARN_SUSPICIOUS_MOVE = YES;
				CLANG_WARN_UNGUARDED_AVAILABILITY = YES_AGGRESSIVE;
				CLANG_WARN_UNREACHABLE_CODE = YES;
				CLANG_WARN__DUPLICATE_METHOD_MATCH = YES;
				CODE_SIGN_IDENTITY = "iPhone Developer";
				COPY_PHASE_STRIP = NO;
				DEBUG_INFORMATION_FORMAT = dwarf;
				ENABLE_STRICT_OBJC_MSGSEND = YES;
				ENABLE_TESTABILITY = YES;
				GCC_C_LANGUAGE_STANDARD = gnu11;
				GCC_DYNAMIC_NO_PIC = NO;
				GCC_NO_COMMON_BLOCKS = YES;
				GCC_OPTIMIZATION_LEVEL = 0;
				GCC_PREPROCESSOR_DEFINITIONS = (
					"DEBUG=1",
					"$(inherited)",
				);
				GCC_WARN_64_TO_32_BIT_CONVERSION = YES;
				GCC_WARN_ABOUT_RETURN_TYPE = YES_ERROR;
				GCC_WARN_UNDECLARED_SELECTOR = YES;
				GCC_WARN_UNINITIALIZED_AUTOS = YES_AGGRESSIVE;
				GCC_WARN_UNUSED_FUNCTION = YES;
				GCC_WARN_UNUSED_VARIABLE = YES;
				IPHONEOS_DEPLOYMENT_TARGET = 11.0;
				MTL_ENABLE_DEBUG_INFO = YES;
				ONLY_ACTIVE_ARCH = YES;
				SDKROOT = iphoneos;
				SWIFT_ACTIVE_COMPILATION_CONDITIONS = DEBUG;
				SWIFT_OPTIMIZATION_LEVEL = "-Onone";
			};
			name = Debug;
		};
		176DB24D1FB1644F00AED040 /* Release */ = {
			isa = XCBuildConfiguration;
			buildSettings = {
				ALWAYS_SEARCH_USER_PATHS = NO;
				CLANG_ANALYZER_NONNULL = YES;
				CLANG_ANALYZER_NUMBER_OBJECT_CONVERSION = YES_AGGRESSIVE;
				CLANG_CXX_LANGUAGE_STANDARD = "gnu++14";
				CLANG_CXX_LIBRARY = "libc++";
				CLANG_ENABLE_MODULES = YES;
				CLANG_ENABLE_OBJC_ARC = YES;
				CLANG_WARN_BLOCK_CAPTURE_AUTORELEASING = YES;
				CLANG_WARN_BOOL_CONVERSION = YES;
				CLANG_WARN_COMMA = YES;
				CLANG_WARN_CONSTANT_CONVERSION = YES;
				CLANG_WARN_DIRECT_OBJC_ISA_USAGE = YES_ERROR;
				CLANG_WARN_DOCUMENTATION_COMMENTS = YES;
				CLANG_WARN_EMPTY_BODY = YES;
				CLANG_WARN_ENUM_CONVERSION = YES;
				CLANG_WARN_INFINITE_RECURSION = YES;
				CLANG_WARN_INT_CONVERSION = YES;
				CLANG_WARN_NON_LITERAL_NULL_CONVERSION = YES;
				CLANG_WARN_OBJC_LITERAL_CONVERSION = YES;
				CLANG_WARN_OBJC_ROOT_CLASS = YES_ERROR;
				CLANG_WARN_RANGE_LOOP_ANALYSIS = YES;
				CLANG_WARN_STRICT_PROTOTYPES = YES;
				CLANG_WARN_SUSPICIOUS_MOVE = YES;
				CLANG_WARN_UNGUARDED_AVAILABILITY = YES_AGGRESSIVE;
				CLANG_WARN_UNREACHABLE_CODE = YES;
				CLANG_WARN__DUPLICATE_METHOD_MATCH = YES;
				CODE_SIGN_IDENTITY = "iPhone Developer";
				COPY_PHASE_STRIP = NO;
				DEBUG_INFORMATION_FORMAT = "dwarf-with-dsym";
				ENABLE_NS_ASSERTIONS = NO;
				ENABLE_STRICT_OBJC_MSGSEND = YES;
				GCC_C_LANGUAGE_STANDARD = gnu11;
				GCC_NO_COMMON_BLOCKS = YES;
				GCC_WARN_64_TO_32_BIT_CONVERSION = YES;
				GCC_WARN_ABOUT_RETURN_TYPE = YES_ERROR;
				GCC_WARN_UNDECLARED_SELECTOR = YES;
				GCC_WARN_UNINITIALIZED_AUTOS = YES_AGGRESSIVE;
				GCC_WARN_UNUSED_FUNCTION = YES;
				GCC_WARN_UNUSED_VARIABLE = YES;
				IPHONEOS_DEPLOYMENT_TARGET = 11.0;
				MTL_ENABLE_DEBUG_INFO = NO;
				SDKROOT = iphoneos;
				SWIFT_OPTIMIZATION_LEVEL = "-Owholemodule";
				VALIDATE_PRODUCT = YES;
			};
			name = Release;
		};
		176DB24F1FB1644F00AED040 /* Debug */ = {
			isa = XCBuildConfiguration;
			buildSettings = {
				ASSETCATALOG_COMPILER_APPICON_NAME = AppIcon;
				CODE_SIGN_STYLE = Automatic;
				INFOPLIST_FILE = sampleImageGesture/Info.plist;
				LD_RUNPATH_SEARCH_PATHS = "$(inherited) @executable_path/Frameworks";
				PRODUCT_BUNDLE_IDENTIFIER = com.tatsukinakatuska.sampleImageGesture;
				PRODUCT_NAME = "$(TARGET_NAME)";
				SWIFT_VERSION = 4.0;
				TARGETED_DEVICE_FAMILY = "1,2";
			};
			name = Debug;
		};
		176DB2501FB1644F00AED040 /* Release */ = {
			isa = XCBuildConfiguration;
			buildSettings = {
				ASSETCATALOG_COMPILER_APPICON_NAME = AppIcon;
				CODE_SIGN_STYLE = Automatic;
				INFOPLIST_FILE = sampleImageGesture/Info.plist;
				LD_RUNPATH_SEARCH_PATHS = "$(inherited) @executable_path/Frameworks";
				PRODUCT_BUNDLE_IDENTIFIER = com.tatsukinakatuska.sampleImageGesture;
				PRODUCT_NAME = "$(TARGET_NAME)";
				SWIFT_VERSION = 4.0;
				TARGETED_DEVICE_FAMILY = "1,2";
			};
			name = Release;
		};
		176DB2521FB1644F00AED040 /* Debug */ = {
			isa = XCBuildConfiguration;
			buildSettings = {
				ALWAYS_EMBED_SWIFT_STANDARD_LIBRARIES = YES;
				BUNDLE_LOADER = "$(TEST_HOST)";
				CODE_SIGN_STYLE = Automatic;
				INFOPLIST_FILE = sampleImageGestureTests/Info.plist;
				LD_RUNPATH_SEARCH_PATHS = "$(inherited) @executable_path/Frameworks @loader_path/Frameworks";
				PRODUCT_BUNDLE_IDENTIFIER = com.tatsukinakatuska.sampleImageGestureTests;
				PRODUCT_NAME = "$(TARGET_NAME)";
				SWIFT_VERSION = 4.0;
				TARGETED_DEVICE_FAMILY = "1,2";
				TEST_HOST = "$(BUILT_PRODUCTS_DIR)/sampleImageGesture.app/sampleImageGesture";
			};
			name = Debug;
		};
		176DB2531FB1644F00AED040 /* Release */ = {
			isa = XCBuildConfiguration;
			buildSettings = {
				ALWAYS_EMBED_SWIFT_STANDARD_LIBRARIES = YES;
				BUNDLE_LOADER = "$(TEST_HOST)";
				CODE_SIGN_STYLE = Automatic;
				INFOPLIST_FILE = sampleImageGestureTests/Info.plist;
				LD_RUNPATH_SEARCH_PATHS = "$(inherited) @executable_path/Frameworks @loader_path/Frameworks";
				PRODUCT_BUNDLE_IDENTIFIER = com.tatsukinakatuska.sampleImageGestureTests;
				PRODUCT_NAME = "$(TARGET_NAME)";
				SWIFT_VERSION = 4.0;
				TARGETED_DEVICE_FAMILY = "1,2";
				TEST_HOST = "$(BUILT_PRODUCTS_DIR)/sampleImageGesture.app/sampleImageGesture";
			};
			name = Release;
		};
		176DB2551FB1644F00AED040 /* Debug */ = {
			isa = XCBuildConfiguration;
			buildSettings = {
				ALWAYS_EMBED_SWIFT_STANDARD_LIBRARIES = YES;
				CODE_SIGN_STYLE = Automatic;
				INFOPLIST_FILE = sampleImageGestureUITests/Info.plist;
				LD_RUNPATH_SEARCH_PATHS = "$(inherited) @executable_path/Frameworks @loader_path/Frameworks";
				PRODUCT_BUNDLE_IDENTIFIER = com.tatsukinakatuska.sampleImageGestureUITests;
				PRODUCT_NAME = "$(TARGET_NAME)";
				SWIFT_VERSION = 4.0;
				TARGETED_DEVICE_FAMILY = "1,2";
				TEST_TARGET_NAME = sampleImageGesture;
			};
			name = Debug;
		};
		176DB2561FB1644F00AED040 /* Release */ = {
			isa = XCBuildConfiguration;
			buildSettings = {
				ALWAYS_EMBED_SWIFT_STANDARD_LIBRARIES = YES;
				CODE_SIGN_STYLE = Automatic;
				INFOPLIST_FILE = sampleImageGestureUITests/Info.plist;
				LD_RUNPATH_SEARCH_PATHS = "$(inherited) @executable_path/Frameworks @loader_path/Frameworks";
				PRODUCT_BUNDLE_IDENTIFIER = com.tatsukinakatuska.sampleImageGestureUITests;
				PRODUCT_NAME = "$(TARGET_NAME)";
				SWIFT_VERSION = 4.0;
				TARGETED_DEVICE_FAMILY = "1,2";
				TEST_TARGET_NAME = sampleImageGesture;
			};
			name = Release;
		};
/* End XCBuildConfiguration section */

/* Begin XCConfigurationList section */
		176DB2211FB1644F00AED040 /* Build configuration list for PBXProject "sampleImageGesture" */ = {
			isa = XCConfigurationList;
			buildConfigurations = (
				176DB24C1FB1644F00AED040 /* Debug */,
				176DB24D1FB1644F00AED040 /* Release */,
			);
			defaultConfigurationIsVisible = 0;
			defaultConfigurationName = Release;
		};
		176DB24E1FB1644F00AED040 /* Build configuration list for PBXNativeTarget "sampleImageGesture" */ = {
			isa = XCConfigurationList;
			buildConfigurations = (
				176DB24F1FB1644F00AED040 /* Debug */,
				176DB2501FB1644F00AED040 /* Release */,
			);
			defaultConfigurationIsVisible = 0;
			defaultConfigurationName = Release;
		};
		176DB2511FB1644F00AED040 /* Build configuration list for PBXNativeTarget "sampleImageGestureTests" */ = {
			isa = XCConfigurationList;
			buildConfigurations = (
				176DB2521FB1644F00AED040 /* Debug */,
				176DB2531FB1644F00AED040 /* Release */,
			);
			defaultConfigurationIsVisible = 0;
			defaultConfigurationName = Release;
		};
		176DB2541FB1644F00AED040 /* Build configuration list for PBXNativeTarget "sampleImageGestureUITests" */ = {
			isa = XCConfigurationList;
			buildConfigurations = (
				176DB2551FB1644F00AED040 /* Debug */,
				176DB2561FB1644F00AED040 /* Release */,
			);
			defaultConfigurationIsVisible = 0;
			defaultConfigurationName = Release;
		};
/* End XCConfigurationList section */
	};
	rootObject = 176DB21E1FB1644F00AED040 /* Project object */;
}
